// !$*UTF8*$!
{
	archiveVersion = 1;
	classes = {
	};
	objectVersion = 56;
	objects = {

/* Begin PBXBuildFile section */
		431DE6A42A2C7101005BAEF7 /* Kingfisher in Frameworks */ = {isa = PBXBuildFile; productRef = 431DE6A32A2C7101005BAEF7 /* Kingfisher */; };
		431DE6A62A2C73EB005BAEF7 /* ForecastView.swift in Sources */ = {isa = PBXBuildFile; fileRef = 431DE6A52A2C73EB005BAEF7 /* ForecastView.swift */; };
		431DE6A82A2C79BB005BAEF7 /* ForecastItemView.swift in Sources */ = {isa = PBXBuildFile; fileRef = 431DE6A72A2C79BB005BAEF7 /* ForecastItemView.swift */; };
		431DE6AC2A2C7AC4005BAEF7 /* OpenWeatherBussinessLogic in Frameworks */ = {isa = PBXBuildFile; productRef = 431DE6AB2A2C7AC4005BAEF7 /* OpenWeatherBussinessLogic */; };
		431DE6AE2A2C7ACB005BAEF7 /* OpenWeatherDataAccess in Frameworks */ = {isa = PBXBuildFile; productRef = 431DE6AD2A2C7ACB005BAEF7 /* OpenWeatherDataAccess */; };
		431DE6B02A2C81B3005BAEF7 /* ForecastDetail.swift in Sources */ = {isa = PBXBuildFile; fileRef = 431DE6AF2A2C81B3005BAEF7 /* ForecastDetail.swift */; };
		43522DBB2A6D81CC00565F9F /* AppCoordinator.swift in Sources */ = {isa = PBXBuildFile; fileRef = 43522DBA2A6D81CC00565F9F /* AppCoordinator.swift */; };
		43522DBE2A6ED10000565F9F /* MainView.swift in Sources */ = {isa = PBXBuildFile; fileRef = 43522DBD2A6ED10000565F9F /* MainView.swift */; };
		43522DC12A71762C00565F9F /* LazyView.swift in Sources */ = {isa = PBXBuildFile; fileRef = 43522DC02A71762C00565F9F /* LazyView.swift */; };
		43522DC42A7177B700565F9F /* View+Navigation.swift in Sources */ = {isa = PBXBuildFile; fileRef = 43522DC32A7177B700565F9F /* View+Navigation.swift */; };
		435B4CD42A2AFAA200922274 /* OpenWeatherMVVMCApp.swift in Sources */ = {isa = PBXBuildFile; fileRef = 435B4CD32A2AFAA200922274 /* OpenWeatherMVVMCApp.swift */; };
		435B4CD82A2AFAA400922274 /* Assets.xcassets in Resources */ = {isa = PBXBuildFile; fileRef = 435B4CD72A2AFAA400922274 /* Assets.xcassets */; };
		435B4CDC2A2AFAA400922274 /* Preview Assets.xcassets in Resources */ = {isa = PBXBuildFile; fileRef = 435B4CDB2A2AFAA400922274 /* Preview Assets.xcassets */; };
		435B4CE62A2AFAA500922274 /* OpenWeatherMVVMCTests.swift in Sources */ = {isa = PBXBuildFile; fileRef = 435B4CE52A2AFAA500922274 /* OpenWeatherMVVMCTests.swift */; };
		435B4CF02A2AFAA500922274 /* OpenWeatherMVVMCUITests.swift in Sources */ = {isa = PBXBuildFile; fileRef = 435B4CEF2A2AFAA500922274 /* OpenWeatherMVVMCUITests.swift */; };
		435B4CF22A2AFAA500922274 /* OpenWeatherMVVMCUITestsLaunchTests.swift in Sources */ = {isa = PBXBuildFile; fileRef = 435B4CF12A2AFAA500922274 /* OpenWeatherMVVMCUITestsLaunchTests.swift */; };
		437C5E6B2A8A90E200329CCE /* SearchResultCell.swift in Sources */ = {isa = PBXBuildFile; fileRef = 437C5E6A2A8A90E200329CCE /* SearchResultCell.swift */; };
/* End PBXBuildFile section */

/* Begin PBXContainerItemProxy section */
		435B4CE22A2AFAA500922274 /* PBXContainerItemProxy */ = {
			isa = PBXContainerItemProxy;
			containerPortal = 435B4CC82A2AFAA200922274 /* Project object */;
			proxyType = 1;
			remoteGlobalIDString = 435B4CCF2A2AFAA200922274;
			remoteInfo = OpenWeatherMVVMC;
		};
		435B4CEC2A2AFAA500922274 /* PBXContainerItemProxy */ = {
			isa = PBXContainerItemProxy;
			containerPortal = 435B4CC82A2AFAA200922274 /* Project object */;
			proxyType = 1;
			remoteGlobalIDString = 435B4CCF2A2AFAA200922274;
			remoteInfo = OpenWeatherMVVMC;
		};
/* End PBXContainerItemProxy section */

/* Begin PBXFileReference section */
		431DE6A52A2C73EB005BAEF7 /* ForecastView.swift */ = {isa = PBXFileReference; lastKnownFileType = sourcecode.swift; path = ForecastView.swift; sourceTree = "<group>"; };
		431DE6A72A2C79BB005BAEF7 /* ForecastItemView.swift */ = {isa = PBXFileReference; fileEncoding = 4; lastKnownFileType = sourcecode.swift; path = ForecastItemView.swift; sourceTree = "<group>"; };
		431DE6A92A2C7A27005BAEF7 /* OpenWeatherBussinessLogic */ = {isa = PBXFileReference; lastKnownFileType = text; name = OpenWeatherBussinessLogic; path = Packages/OpenWeatherBussinessLogic; sourceTree = SOURCE_ROOT; };
		431DE6AF2A2C81B3005BAEF7 /* ForecastDetail.swift */ = {isa = PBXFileReference; lastKnownFileType = sourcecode.swift; path = ForecastDetail.swift; sourceTree = "<group>"; };
		4325F57C2A2B0462003EC6E6 /* OpenWeatherDataAccess */ = {isa = PBXFileReference; lastKnownFileType = wrapper; path = OpenWeatherDataAccess; sourceTree = "<group>"; };
		43522DBA2A6D81CC00565F9F /* AppCoordinator.swift */ = {isa = PBXFileReference; lastKnownFileType = sourcecode.swift; path = AppCoordinator.swift; sourceTree = "<group>"; };
		43522DBD2A6ED10000565F9F /* MainView.swift */ = {isa = PBXFileReference; lastKnownFileType = sourcecode.swift; path = MainView.swift; sourceTree = "<group>"; };
		43522DC02A71762C00565F9F /* LazyView.swift */ = {isa = PBXFileReference; lastKnownFileType = sourcecode.swift; path = LazyView.swift; sourceTree = "<group>"; };
		43522DC32A7177B700565F9F /* View+Navigation.swift */ = {isa = PBXFileReference; lastKnownFileType = sourcecode.swift; path = "View+Navigation.swift"; sourceTree = "<group>"; };
		435B4CD02A2AFAA200922274 /* OpenWeatherMVVMC.app */ = {isa = PBXFileReference; explicitFileType = wrapper.application; includeInIndex = 0; path = OpenWeatherMVVMC.app; sourceTree = BUILT_PRODUCTS_DIR; };
		435B4CD32A2AFAA200922274 /* OpenWeatherMVVMCApp.swift */ = {isa = PBXFileReference; lastKnownFileType = sourcecode.swift; path = OpenWeatherMVVMCApp.swift; sourceTree = "<group>"; };
		435B4CD72A2AFAA400922274 /* Assets.xcassets */ = {isa = PBXFileReference; lastKnownFileType = folder.assetcatalog; path = Assets.xcassets; sourceTree = "<group>"; };
		435B4CD92A2AFAA400922274 /* OpenWeatherMVVMC.entitlements */ = {isa = PBXFileReference; lastKnownFileType = text.plist.entitlements; path = OpenWeatherMVVMC.entitlements; sourceTree = "<group>"; };
		435B4CDB2A2AFAA400922274 /* Preview Assets.xcassets */ = {isa = PBXFileReference; lastKnownFileType = folder.assetcatalog; path = "Preview Assets.xcassets"; sourceTree = "<group>"; };
		435B4CE12A2AFAA500922274 /* OpenWeatherMVVMCTests.xctest */ = {isa = PBXFileReference; explicitFileType = wrapper.cfbundle; includeInIndex = 0; path = OpenWeatherMVVMCTests.xctest; sourceTree = BUILT_PRODUCTS_DIR; };
		435B4CE52A2AFAA500922274 /* OpenWeatherMVVMCTests.swift */ = {isa = PBXFileReference; lastKnownFileType = sourcecode.swift; path = OpenWeatherMVVMCTests.swift; sourceTree = "<group>"; };
		435B4CEB2A2AFAA500922274 /* OpenWeatherMVVMCUITests.xctest */ = {isa = PBXFileReference; explicitFileType = wrapper.cfbundle; includeInIndex = 0; path = OpenWeatherMVVMCUITests.xctest; sourceTree = BUILT_PRODUCTS_DIR; };
		435B4CEF2A2AFAA500922274 /* OpenWeatherMVVMCUITests.swift */ = {isa = PBXFileReference; lastKnownFileType = sourcecode.swift; path = OpenWeatherMVVMCUITests.swift; sourceTree = "<group>"; };
		435B4CF12A2AFAA500922274 /* OpenWeatherMVVMCUITestsLaunchTests.swift */ = {isa = PBXFileReference; lastKnownFileType = sourcecode.swift; path = OpenWeatherMVVMCUITestsLaunchTests.swift; sourceTree = "<group>"; };
		437C5E6A2A8A90E200329CCE /* SearchResultCell.swift */ = {isa = PBXFileReference; lastKnownFileType = sourcecode.swift; path = SearchResultCell.swift; sourceTree = "<group>"; };
		437C5E6C2A8D298400329CCE /* Info.plist */ = {isa = PBXFileReference; lastKnownFileType = text.plist; path = Info.plist; sourceTree = "<group>"; };
/* End PBXFileReference section */

/* Begin PBXFrameworksBuildPhase section */
		435B4CCD2A2AFAA200922274 /* Frameworks */ = {
			isa = PBXFrameworksBuildPhase;
			buildActionMask = 2147483647;
			files = (
				431DE6AC2A2C7AC4005BAEF7 /* OpenWeatherBussinessLogic in Frameworks */,
				431DE6A42A2C7101005BAEF7 /* Kingfisher in Frameworks */,
				431DE6AE2A2C7ACB005BAEF7 /* OpenWeatherDataAccess in Frameworks */,
			);
			runOnlyForDeploymentPostprocessing = 0;
		};
		435B4CDE2A2AFAA500922274 /* Frameworks */ = {
			isa = PBXFrameworksBuildPhase;
			buildActionMask = 2147483647;
			files = (
			);
			runOnlyForDeploymentPostprocessing = 0;
		};
		435B4CE82A2AFAA500922274 /* Frameworks */ = {
			isa = PBXFrameworksBuildPhase;
			buildActionMask = 2147483647;
			files = (
			);
			runOnlyForDeploymentPostprocessing = 0;
		};
/* End PBXFrameworksBuildPhase section */

/* Begin PBXGroup section */
		431DE6AA2A2C7AC4005BAEF7 /* Frameworks */ = {
			isa = PBXGroup;
			children = (
			);
			name = Frameworks;
			sourceTree = "<group>";
		};
		43522DB92A6D819E00565F9F /* Coordinators */ = {
			isa = PBXGroup;
			children = (
				43522DBA2A6D81CC00565F9F /* AppCoordinator.swift */,
			);
			path = Coordinators;
			sourceTree = "<group>";
		};
		43522DBC2A6D8C0A00565F9F /* Views */ = {
			isa = PBXGroup;
			children = (
				437C5E692A8A903000329CCE /* Cells */,
				43522DBD2A6ED10000565F9F /* MainView.swift */,
				431DE6A52A2C73EB005BAEF7 /* ForecastView.swift */,
				431DE6AF2A2C81B3005BAEF7 /* ForecastDetail.swift */,
			);
			path = Views;
			sourceTree = "<group>";
		};
		43522DBF2A71760A00565F9F /* Ultils */ = {
			isa = PBXGroup;
			children = (
				43522DC22A71774D00565F9F /* Extensions */,
				43522DC02A71762C00565F9F /* LazyView.swift */,
			);
			path = Ultils;
			sourceTree = "<group>";
		};
		43522DC22A71774D00565F9F /* Extensions */ = {
			isa = PBXGroup;
			children = (
				43522DC32A7177B700565F9F /* View+Navigation.swift */,
			);
			path = Extensions;
			sourceTree = "<group>";
		};
		435B4CC72A2AFAA200922274 = {
			isa = PBXGroup;
			children = (
				435B4CFE2A2AFAF100922274 /* Packages */,
				435B4CD22A2AFAA200922274 /* OpenWeatherMVVMC */,
				435B4CE42A2AFAA500922274 /* OpenWeatherMVVMCTests */,
				435B4CEE2A2AFAA500922274 /* OpenWeatherMVVMCUITests */,
				435B4CD12A2AFAA200922274 /* Products */,
				431DE6AA2A2C7AC4005BAEF7 /* Frameworks */,
			);
			sourceTree = "<group>";
		};
		435B4CD12A2AFAA200922274 /* Products */ = {
			isa = PBXGroup;
			children = (
				435B4CD02A2AFAA200922274 /* OpenWeatherMVVMC.app */,
				435B4CE12A2AFAA500922274 /* OpenWeatherMVVMCTests.xctest */,
				435B4CEB2A2AFAA500922274 /* OpenWeatherMVVMCUITests.xctest */,
			);
			name = Products;
			sourceTree = "<group>";
		};
		435B4CD22A2AFAA200922274 /* OpenWeatherMVVMC */ = {
			isa = PBXGroup;
			children = (
				437C5E6C2A8D298400329CCE /* Info.plist */,
				43522DBF2A71760A00565F9F /* Ultils */,
				43522DBC2A6D8C0A00565F9F /* Views */,
				43522DB92A6D819E00565F9F /* Coordinators */,
				435B4CD32A2AFAA200922274 /* OpenWeatherMVVMCApp.swift */,
				435B4CD72A2AFAA400922274 /* Assets.xcassets */,
				435B4CD92A2AFAA400922274 /* OpenWeatherMVVMC.entitlements */,
				435B4CDA2A2AFAA400922274 /* Preview Content */,
			);
			path = OpenWeatherMVVMC;
			sourceTree = "<group>";
		};
		435B4CDA2A2AFAA400922274 /* Preview Content */ = {
			isa = PBXGroup;
			children = (
				435B4CDB2A2AFAA400922274 /* Preview Assets.xcassets */,
			);
			path = "Preview Content";
			sourceTree = "<group>";
		};
		435B4CE42A2AFAA500922274 /* OpenWeatherMVVMCTests */ = {
			isa = PBXGroup;
			children = (
				435B4CE52A2AFAA500922274 /* OpenWeatherMVVMCTests.swift */,
			);
			path = OpenWeatherMVVMCTests;
			sourceTree = "<group>";
		};
		435B4CEE2A2AFAA500922274 /* OpenWeatherMVVMCUITests */ = {
			isa = PBXGroup;
			children = (
				435B4CEF2A2AFAA500922274 /* OpenWeatherMVVMCUITests.swift */,
				435B4CF12A2AFAA500922274 /* OpenWeatherMVVMCUITestsLaunchTests.swift */,
			);
			path = OpenWeatherMVVMCUITests;
			sourceTree = "<group>";
		};
		435B4CFE2A2AFAF100922274 /* Packages */ = {
			isa = PBXGroup;
			children = (
				431DE6A92A2C7A27005BAEF7 /* OpenWeatherBussinessLogic */,
				4325F57C2A2B0462003EC6E6 /* OpenWeatherDataAccess */,
			);
			path = Packages;
			sourceTree = "<group>";
		};
		437C5E692A8A903000329CCE /* Cells */ = {
			isa = PBXGroup;
			children = (
				431DE6A72A2C79BB005BAEF7 /* ForecastItemView.swift */,
				437C5E6A2A8A90E200329CCE /* SearchResultCell.swift */,
			);
			path = Cells;
			sourceTree = "<group>";
		};
/* End PBXGroup section */

/* Begin PBXNativeTarget section */
		435B4CCF2A2AFAA200922274 /* OpenWeatherMVVMC */ = {
			isa = PBXNativeTarget;
			buildConfigurationList = 435B4CF52A2AFAA500922274 /* Build configuration list for PBXNativeTarget "OpenWeatherMVVMC" */;
			buildPhases = (
				435B4CCC2A2AFAA200922274 /* Sources */,
				435B4CCD2A2AFAA200922274 /* Frameworks */,
				435B4CCE2A2AFAA200922274 /* Resources */,
			);
			buildRules = (
			);
			dependencies = (
			);
			name = OpenWeatherMVVMC;
			packageProductDependencies = (
				431DE6A32A2C7101005BAEF7 /* Kingfisher */,
				431DE6AB2A2C7AC4005BAEF7 /* OpenWeatherBussinessLogic */,
				431DE6AD2A2C7ACB005BAEF7 /* OpenWeatherDataAccess */,
			);
			productName = OpenWeatherMVVMC;
			productReference = 435B4CD02A2AFAA200922274 /* OpenWeatherMVVMC.app */;
			productType = "com.apple.product-type.application";
		};
		435B4CE02A2AFAA500922274 /* OpenWeatherMVVMCTests */ = {
			isa = PBXNativeTarget;
			buildConfigurationList = 435B4CF82A2AFAA500922274 /* Build configuration list for PBXNativeTarget "OpenWeatherMVVMCTests" */;
			buildPhases = (
				435B4CDD2A2AFAA500922274 /* Sources */,
				435B4CDE2A2AFAA500922274 /* Frameworks */,
				435B4CDF2A2AFAA500922274 /* Resources */,
			);
			buildRules = (
			);
			dependencies = (
				435B4CE32A2AFAA500922274 /* PBXTargetDependency */,
			);
			name = OpenWeatherMVVMCTests;
			productName = OpenWeatherMVVMCTests;
			productReference = 435B4CE12A2AFAA500922274 /* OpenWeatherMVVMCTests.xctest */;
			productType = "com.apple.product-type.bundle.unit-test";
		};
		435B4CEA2A2AFAA500922274 /* OpenWeatherMVVMCUITests */ = {
			isa = PBXNativeTarget;
			buildConfigurationList = 435B4CFB2A2AFAA500922274 /* Build configuration list for PBXNativeTarget "OpenWeatherMVVMCUITests" */;
			buildPhases = (
				435B4CE72A2AFAA500922274 /* Sources */,
				435B4CE82A2AFAA500922274 /* Frameworks */,
				435B4CE92A2AFAA500922274 /* Resources */,
			);
			buildRules = (
			);
			dependencies = (
				435B4CED2A2AFAA500922274 /* PBXTargetDependency */,
			);
			name = OpenWeatherMVVMCUITests;
			productName = OpenWeatherMVVMCUITests;
			productReference = 435B4CEB2A2AFAA500922274 /* OpenWeatherMVVMCUITests.xctest */;
			productType = "com.apple.product-type.bundle.ui-testing";
		};
/* End PBXNativeTarget section */

/* Begin PBXProject section */
		435B4CC82A2AFAA200922274 /* Project object */ = {
			isa = PBXProject;
			attributes = {
				BuildIndependentTargetsInParallel = 1;
				LastSwiftUpdateCheck = 1420;
				LastUpgradeCheck = 1420;
				TargetAttributes = {
					435B4CCF2A2AFAA200922274 = {
						CreatedOnToolsVersion = 14.2;
					};
					435B4CE02A2AFAA500922274 = {
						CreatedOnToolsVersion = 14.2;
						TestTargetID = 435B4CCF2A2AFAA200922274;
					};
					435B4CEA2A2AFAA500922274 = {
						CreatedOnToolsVersion = 14.2;
						TestTargetID = 435B4CCF2A2AFAA200922274;
					};
				};
			};
			buildConfigurationList = 435B4CCB2A2AFAA200922274 /* Build configuration list for PBXProject "OpenWeatherMVVMC" */;
			compatibilityVersion = "Xcode 14.0";
			developmentRegion = en;
			hasScannedForEncodings = 0;
			knownRegions = (
				en,
				Base,
			);
			mainGroup = 435B4CC72A2AFAA200922274;
			packageReferences = (
				431DE6A22A2C7101005BAEF7 /* XCRemoteSwiftPackageReference "Kingfisher" */,
			);
			productRefGroup = 435B4CD12A2AFAA200922274 /* Products */;
			projectDirPath = "";
			projectRoot = "";
			targets = (
				435B4CCF2A2AFAA200922274 /* OpenWeatherMVVMC */,
				435B4CE02A2AFAA500922274 /* OpenWeatherMVVMCTests */,
				435B4CEA2A2AFAA500922274 /* OpenWeatherMVVMCUITests */,
			);
		};
/* End PBXProject section */

/* Begin PBXResourcesBuildPhase section */
		435B4CCE2A2AFAA200922274 /* Resources */ = {
			isa = PBXResourcesBuildPhase;
			buildActionMask = 2147483647;
			files = (
				435B4CDC2A2AFAA400922274 /* Preview Assets.xcassets in Resources */,
				435B4CD82A2AFAA400922274 /* Assets.xcassets in Resources */,
			);
			runOnlyForDeploymentPostprocessing = 0;
		};
		435B4CDF2A2AFAA500922274 /* Resources */ = {
			isa = PBXResourcesBuildPhase;
			buildActionMask = 2147483647;
			files = (
			);
			runOnlyForDeploymentPostprocessing = 0;
		};
		435B4CE92A2AFAA500922274 /* Resources */ = {
			isa = PBXResourcesBuildPhase;
			buildActionMask = 2147483647;
			files = (
			);
			runOnlyForDeploymentPostprocessing = 0;
		};
/* End PBXResourcesBuildPhase section */

/* Begin PBXSourcesBuildPhase section */
		435B4CCC2A2AFAA200922274 /* Sources */ = {
			isa = PBXSourcesBuildPhase;
			buildActionMask = 2147483647;
			files = (
				43522DBB2A6D81CC00565F9F /* AppCoordinator.swift in Sources */,
				43522DBE2A6ED10000565F9F /* MainView.swift in Sources */,
				435B4CD42A2AFAA200922274 /* OpenWeatherMVVMCApp.swift in Sources */,
				437C5E6B2A8A90E200329CCE /* SearchResultCell.swift in Sources */,
				43522DC12A71762C00565F9F /* LazyView.swift in Sources */,
				431DE6B02A2C81B3005BAEF7 /* ForecastDetail.swift in Sources */,
				431DE6A82A2C79BB005BAEF7 /* ForecastItemView.swift in Sources */,
				431DE6A62A2C73EB005BAEF7 /* ForecastView.swift in Sources */,
				43522DC42A7177B700565F9F /* View+Navigation.swift in Sources */,
			);
			runOnlyForDeploymentPostprocessing = 0;
		};
		435B4CDD2A2AFAA500922274 /* Sources */ = {
			isa = PBXSourcesBuildPhase;
			buildActionMask = 2147483647;
			files = (
				435B4CE62A2AFAA500922274 /* OpenWeatherMVVMCTests.swift in Sources */,
			);
			runOnlyForDeploymentPostprocessing = 0;
		};
		435B4CE72A2AFAA500922274 /* Sources */ = {
			isa = PBXSourcesBuildPhase;
			buildActionMask = 2147483647;
			files = (
				435B4CF02A2AFAA500922274 /* OpenWeatherMVVMCUITests.swift in Sources */,
				435B4CF22A2AFAA500922274 /* OpenWeatherMVVMCUITestsLaunchTests.swift in Sources */,
			);
			runOnlyForDeploymentPostprocessing = 0;
		};
/* End PBXSourcesBuildPhase section */

/* Begin PBXTargetDependency section */
		435B4CE32A2AFAA500922274 /* PBXTargetDependency */ = {
			isa = PBXTargetDependency;
			target = 435B4CCF2A2AFAA200922274 /* OpenWeatherMVVMC */;
			targetProxy = 435B4CE22A2AFAA500922274 /* PBXContainerItemProxy */;
		};
		435B4CED2A2AFAA500922274 /* PBXTargetDependency */ = {
			isa = PBXTargetDependency;
			target = 435B4CCF2A2AFAA200922274 /* OpenWeatherMVVMC */;
			targetProxy = 435B4CEC2A2AFAA500922274 /* PBXContainerItemProxy */;
		};
/* End PBXTargetDependency section */

/* Begin XCBuildConfiguration section */
		435B4CF32A2AFAA500922274 /* Debug */ = {
			isa = XCBuildConfiguration;
			buildSettings = {
				ALWAYS_SEARCH_USER_PATHS = NO;
				CLANG_ANALYZER_NONNULL = YES;
				CLANG_ANALYZER_NUMBER_OBJECT_CONVERSION = YES_AGGRESSIVE;
				CLANG_CXX_LANGUAGE_STANDARD = "gnu++20";
				CLANG_ENABLE_MODULES = YES;
				CLANG_ENABLE_OBJC_ARC = YES;
				CLANG_ENABLE_OBJC_WEAK = YES;
				CLANG_WARN_BLOCK_CAPTURE_AUTORELEASING = YES;
				CLANG_WARN_BOOL_CONVERSION = YES;
				CLANG_WARN_COMMA = YES;
				CLANG_WARN_CONSTANT_CONVERSION = YES;
				CLANG_WARN_DEPRECATED_OBJC_IMPLEMENTATIONS = YES;
				CLANG_WARN_DIRECT_OBJC_ISA_USAGE = YES_ERROR;
				CLANG_WARN_DOCUMENTATION_COMMENTS = YES;
				CLANG_WARN_EMPTY_BODY = YES;
				CLANG_WARN_ENUM_CONVERSION = YES;
				CLANG_WARN_INFINITE_RECURSION = YES;
				CLANG_WARN_INT_CONVERSION = YES;
				CLANG_WARN_NON_LITERAL_NULL_CONVERSION = YES;
				CLANG_WARN_OBJC_IMPLICIT_RETAIN_SELF = YES;
				CLANG_WARN_OBJC_LITERAL_CONVERSION = YES;
				CLANG_WARN_OBJC_ROOT_CLASS = YES_ERROR;
				CLANG_WARN_QUOTED_INCLUDE_IN_FRAMEWORK_HEADER = YES;
				CLANG_WARN_RANGE_LOOP_ANALYSIS = YES;
				CLANG_WARN_STRICT_PROTOTYPES = YES;
				CLANG_WARN_SUSPICIOUS_MOVE = YES;
				CLANG_WARN_UNGUARDED_AVAILABILITY = YES_AGGRESSIVE;
				CLANG_WARN_UNREACHABLE_CODE = YES;
				CLANG_WARN__DUPLICATE_METHOD_MATCH = YES;
				COPY_PHASE_STRIP = NO;
				DEBUG_INFORMATION_FORMAT = dwarf;
				ENABLE_STRICT_OBJC_MSGSEND = YES;
				ENABLE_TESTABILITY = YES;
				GCC_C_LANGUAGE_STANDARD = gnu11;
				GCC_DYNAMIC_NO_PIC = NO;
				GCC_NO_COMMON_BLOCKS = YES;
				GCC_OPTIMIZATION_LEVEL = 0;
				GCC_PREPROCESSOR_DEFINITIONS = (
					"DEBUG=1",
					"$(inherited)",
				);
				GCC_WARN_64_TO_32_BIT_CONVERSION = YES;
				GCC_WARN_ABOUT_RETURN_TYPE = YES_ERROR;
				GCC_WARN_UNDECLARED_SELECTOR = YES;
				GCC_WARN_UNINITIALIZED_AUTOS = YES_AGGRESSIVE;
				GCC_WARN_UNUSED_FUNCTION = YES;
				GCC_WARN_UNUSED_VARIABLE = YES;
				MTL_ENABLE_DEBUG_INFO = INCLUDE_SOURCE;
				MTL_FAST_MATH = YES;
				ONLY_ACTIVE_ARCH = YES;
				SWIFT_ACTIVE_COMPILATION_CONDITIONS = DEBUG;
				SWIFT_OPTIMIZATION_LEVEL = "-Onone";
			};
			name = Debug;
		};
		435B4CF42A2AFAA500922274 /* Release */ = {
			isa = XCBuildConfiguration;
			buildSettings = {
				ALWAYS_SEARCH_USER_PATHS = NO;
				CLANG_ANALYZER_NONNULL = YES;
				CLANG_ANALYZER_NUMBER_OBJECT_CONVERSION = YES_AGGRESSIVE;
				CLANG_CXX_LANGUAGE_STANDARD = "gnu++20";
				CLANG_ENABLE_MODULES = YES;
				CLANG_ENABLE_OBJC_ARC = YES;
				CLANG_ENABLE_OBJC_WEAK = YES;
				CLANG_WARN_BLOCK_CAPTURE_AUTORELEASING = YES;
				CLANG_WARN_BOOL_CONVERSION = YES;
				CLANG_WARN_COMMA = YES;
				CLANG_WARN_CONSTANT_CONVERSION = YES;
				CLANG_WARN_DEPRECATED_OBJC_IMPLEMENTATIONS = YES;
				CLANG_WARN_DIRECT_OBJC_ISA_USAGE = YES_ERROR;
				CLANG_WARN_DOCUMENTATION_COMMENTS = YES;
				CLANG_WARN_EMPTY_BODY = YES;
				CLANG_WARN_ENUM_CONVERSION = YES;
				CLANG_WARN_INFINITE_RECURSION = YES;
				CLANG_WARN_INT_CONVERSION = YES;
				CLANG_WARN_NON_LITERAL_NULL_CONVERSION = YES;
				CLANG_WARN_OBJC_IMPLICIT_RETAIN_SELF = YES;
				CLANG_WARN_OBJC_LITERAL_CONVERSION = YES;
				CLANG_WARN_OBJC_ROOT_CLASS = YES_ERROR;
				CLANG_WARN_QUOTED_INCLUDE_IN_FRAMEWORK_HEADER = YES;
				CLANG_WARN_RANGE_LOOP_ANALYSIS = YES;
				CLANG_WARN_STRICT_PROTOTYPES = YES;
				CLANG_WARN_SUSPICIOUS_MOVE = YES;
				CLANG_WARN_UNGUARDED_AVAILABILITY = YES_AGGRESSIVE;
				CLANG_WARN_UNREACHABLE_CODE = YES;
				CLANG_WARN__DUPLICATE_METHOD_MATCH = YES;
				COPY_PHASE_STRIP = NO;
				DEBUG_INFORMATION_FORMAT = "dwarf-with-dsym";
				ENABLE_NS_ASSERTIONS = NO;
				ENABLE_STRICT_OBJC_MSGSEND = YES;
				GCC_C_LANGUAGE_STANDARD = gnu11;
				GCC_NO_COMMON_BLOCKS = YES;
				GCC_WARN_64_TO_32_BIT_CONVERSION = YES;
				GCC_WARN_ABOUT_RETURN_TYPE = YES_ERROR;
				GCC_WARN_UNDECLARED_SELECTOR = YES;
				GCC_WARN_UNINITIALIZED_AUTOS = YES_AGGRESSIVE;
				GCC_WARN_UNUSED_FUNCTION = YES;
				GCC_WARN_UNUSED_VARIABLE = YES;
				MTL_ENABLE_DEBUG_INFO = NO;
				MTL_FAST_MATH = YES;
				SWIFT_COMPILATION_MODE = wholemodule;
				SWIFT_OPTIMIZATION_LEVEL = "-O";
			};
			name = Release;
		};
		435B4CF62A2AFAA500922274 /* Debug */ = {
			isa = XCBuildConfiguration;
			buildSettings = {
				ASSETCATALOG_COMPILER_APPICON_NAME = AppIcon;
				ASSETCATALOG_COMPILER_GLOBAL_ACCENT_COLOR_NAME = AccentColor;
				CODE_SIGN_ENTITLEMENTS = OpenWeatherMVVMC/OpenWeatherMVVMC.entitlements;
				CODE_SIGN_STYLE = Automatic;
				CURRENT_PROJECT_VERSION = 1;
				DEVELOPMENT_ASSET_PATHS = "\"OpenWeatherMVVMC/Preview Content\"";
				ENABLE_PREVIEWS = YES;
				GENERATE_INFOPLIST_FILE = YES;
				INFOPLIST_FILE = OpenWeatherMVVMC/Info.plist;
				INFOPLIST_KEY_CFBundleDisplayName = "Open Weather";
				"INFOPLIST_KEY_UIApplicationSceneManifest_Generation[sdk=iphoneos*]" = YES;
				"INFOPLIST_KEY_UIApplicationSceneManifest_Generation[sdk=iphonesimulator*]" = YES;
				"INFOPLIST_KEY_UIApplicationSupportsIndirectInputEvents[sdk=iphoneos*]" = YES;
				"INFOPLIST_KEY_UIApplicationSupportsIndirectInputEvents[sdk=iphonesimulator*]" = YES;
				"INFOPLIST_KEY_UILaunchScreen_Generation[sdk=iphoneos*]" = YES;
				"INFOPLIST_KEY_UILaunchScreen_Generation[sdk=iphonesimulator*]" = YES;
				"INFOPLIST_KEY_UIStatusBarStyle[sdk=iphoneos*]" = UIStatusBarStyleDefault;
				"INFOPLIST_KEY_UIStatusBarStyle[sdk=iphonesimulator*]" = UIStatusBarStyleDefault;
				INFOPLIST_KEY_UISupportedInterfaceOrientations_iPad = "UIInterfaceOrientationPortrait UIInterfaceOrientationPortraitUpsideDown UIInterfaceOrientationLandscapeLeft UIInterfaceOrientationLandscapeRight";
				INFOPLIST_KEY_UISupportedInterfaceOrientations_iPhone = "UIInterfaceOrientationPortrait UIInterfaceOrientationLandscapeLeft UIInterfaceOrientationLandscapeRight";
				IPHONEOS_DEPLOYMENT_TARGET = 16.2;
				LD_RUNPATH_SEARCH_PATHS = "@executable_path/Frameworks";
				"LD_RUNPATH_SEARCH_PATHS[sdk=macosx*]" = "@executable_path/../Frameworks";
				MACOSX_DEPLOYMENT_TARGET = 12.6;
				MARKETING_VERSION = 1.0;
				PRODUCT_BUNDLE_IDENTIFIER = com.quan.OpenWeatherMVVMC;
				PRODUCT_NAME = "$(TARGET_NAME)";
				SDKROOT = auto;
				SUPPORTED_PLATFORMS = "iphoneos iphonesimulator macosx";
				SWIFT_EMIT_LOC_STRINGS = YES;
				SWIFT_VERSION = 5.0;
				TARGETED_DEVICE_FAMILY = "1,2";
			};
			name = Debug;
		};
		435B4CF72A2AFAA500922274 /* Release */ = {
			isa = XCBuildConfiguration;
			buildSettings = {
				ASSETCATALOG_COMPILER_APPICON_NAME = AppIcon;
				ASSETCATALOG_COMPILER_GLOBAL_ACCENT_COLOR_NAME = AccentColor;
				CODE_SIGN_ENTITLEMENTS = OpenWeatherMVVMC/OpenWeatherMVVMC.entitlements;
				CODE_SIGN_STYLE = Automatic;
				CURRENT_PROJECT_VERSION = 1;
				DEVELOPMENT_ASSET_PATHS = "\"OpenWeatherMVVMC/Preview Content\"";
				ENABLE_PREVIEWS = YES;
				GENERATE_INFOPLIST_FILE = YES;
				INFOPLIST_FILE = OpenWeatherMVVMC/Info.plist;
				INFOPLIST_KEY_CFBundleDisplayName = "Open Weather";
				"INFOPLIST_KEY_UIApplicationSceneManifest_Generation[sdk=iphoneos*]" = YES;
				"INFOPLIST_KEY_UIApplicationSceneManifest_Generation[sdk=iphonesimulator*]" = YES;
				"INFOPLIST_KEY_UIApplicationSupportsIndirectInputEvents[sdk=iphoneos*]" = YES;
				"INFOPLIST_KEY_UIApplicationSupportsIndirectInputEvents[sdk=iphonesimulator*]" = YES;
				"INFOPLIST_KEY_UILaunchScreen_Generation[sdk=iphoneos*]" = YES;
				"INFOPLIST_KEY_UILaunchScreen_Generation[sdk=iphonesimulator*]" = YES;
				"INFOPLIST_KEY_UIStatusBarStyle[sdk=iphoneos*]" = UIStatusBarStyleDefault;
				"INFOPLIST_KEY_UIStatusBarStyle[sdk=iphonesimulator*]" = UIStatusBarStyleDefault;
				INFOPLIST_KEY_UISupportedInterfaceOrientations_iPad = "UIInterfaceOrientationPortrait UIInterfaceOrientationPortraitUpsideDown UIInterfaceOrientationLandscapeLeft UIInterfaceOrientationLandscapeRight";
				INFOPLIST_KEY_UISupportedInterfaceOrientations_iPhone = "UIInterfaceOrientationPortrait UIInterfaceOrientationLandscapeLeft UIInterfaceOrientationLandscapeRight";
				IPHONEOS_DEPLOYMENT_TARGET = 16.2;
				LD_RUNPATH_SEARCH_PATHS = "@executable_path/Frameworks";
				"LD_RUNPATH_SEARCH_PATHS[sdk=macosx*]" = "@executable_path/../Frameworks";
				MACOSX_DEPLOYMENT_TARGET = 12.6;
				MARKETING_VERSION = 1.0;
				PRODUCT_BUNDLE_IDENTIFIER = com.quan.OpenWeatherMVVMC;
				PRODUCT_NAME = "$(TARGET_NAME)";
				SDKROOT = auto;
				SUPPORTED_PLATFORMS = "iphoneos iphonesimulator macosx";
				SWIFT_EMIT_LOC_STRINGS = YES;
				SWIFT_VERSION = 5.0;
				TARGETED_DEVICE_FAMILY = "1,2";
			};
			name = Release;
		};
		435B4CF92A2AFAA500922274 /* Debug */ = {
			isa = XCBuildConfiguration;
			buildSettings = {
				ALWAYS_EMBED_SWIFT_STANDARD_LIBRARIES = YES;
				BUNDLE_LOADER = "$(TEST_HOST)";
				CODE_SIGN_STYLE = Automatic;
				CURRENT_PROJECT_VERSION = 1;
				GENERATE_INFOPLIST_FILE = YES;
				IPHONEOS_DEPLOYMENT_TARGET = 16.2;
				MACOSX_DEPLOYMENT_TARGET = 12.6;
				MARKETING_VERSION = 1.0;
				PRODUCT_BUNDLE_IDENTIFIER = com.quan.OpenWeatherMVVMCTests;
				PRODUCT_NAME = "$(TARGET_NAME)";
				SDKROOT = auto;
				SUPPORTED_PLATFORMS = "iphoneos iphonesimulator macosx";
				SWIFT_EMIT_LOC_STRINGS = NO;
				SWIFT_VERSION = 5.0;
				TARGETED_DEVICE_FAMILY = "1,2";
				TEST_HOST = "$(BUILT_PRODUCTS_DIR)/OpenWeatherMVVMC.app/$(BUNDLE_EXECUTABLE_FOLDER_PATH)/OpenWeatherMVVMC";
			};
			name = Debug;
		};
		435B4CFA2A2AFAA500922274 /* Release */ = {
			isa = XCBuildConfiguration;
			buildSettings = {
				ALWAYS_EMBED_SWIFT_STANDARD_LIBRARIES = YES;
				BUNDLE_LOADER = "$(TEST_HOST)";
				CODE_SIGN_STYLE = Automatic;
				CURRENT_PROJECT_VERSION = 1;
				GENERATE_INFOPLIST_FILE = YES;
				IPHONEOS_DEPLOYMENT_TARGET = 16.2;
				MACOSX_DEPLOYMENT_TARGET = 12.6;
				MARKETING_VERSION = 1.0;
				PRODUCT_BUNDLE_IDENTIFIER = com.quan.OpenWeatherMVVMCTests;
				PRODUCT_NAME = "$(TARGET_NAME)";
				SDKROOT = auto;
				SUPPORTED_PLATFORMS = "iphoneos iphonesimulator macosx";
				SWIFT_EMIT_LOC_STRINGS = NO;
				SWIFT_VERSION = 5.0;
				TARGETED_DEVICE_FAMILY = "1,2";
				TEST_HOST = "$(BUILT_PRODUCTS_DIR)/OpenWeatherMVVMC.app/$(BUNDLE_EXECUTABLE_FOLDER_PATH)/OpenWeatherMVVMC";
			};
			name = Release;
		};
		435B4CFC2A2AFAA500922274 /* Debug */ = {
			isa = XCBuildConfiguration;
			buildSettings = {
				ALWAYS_EMBED_SWIFT_STANDARD_LIBRARIES = YES;
				CODE_SIGN_STYLE = Automatic;
				CURRENT_PROJECT_VERSION = 1;
				GENERATE_INFOPLIST_FILE = YES;
				IPHONEOS_DEPLOYMENT_TARGET = 16.2;
				MACOSX_DEPLOYMENT_TARGET = 12.6;
				MARKETING_VERSION = 1.0;
				PRODUCT_BUNDLE_IDENTIFIER = com.quan.OpenWeatherMVVMCUITests;
				PRODUCT_NAME = "$(TARGET_NAME)";
				SDKROOT = auto;
				SUPPORTED_PLATFORMS = "iphoneos iphonesimulator macosx";
				SWIFT_EMIT_LOC_STRINGS = NO;
				SWIFT_VERSION = 5.0;
				TARGETED_DEVICE_FAMILY = "1,2";
				TEST_TARGET_NAME = OpenWeatherMVVMC;
			};
			name = Debug;
		};
		435B4CFD2A2AFAA500922274 /* Release */ = {
			isa = XCBuildConfiguration;
			buildSettings = {
				ALWAYS_EMBED_SWIFT_STANDARD_LIBRARIES = YES;
				CODE_SIGN_STYLE = Automatic;
				CURRENT_PROJECT_VERSION = 1;
				GENERATE_INFOPLIST_FILE = YES;
				IPHONEOS_DEPLOYMENT_TARGET = 16.2;
				MACOSX_DEPLOYMENT_TARGET = 12.6;
				MARKETING_VERSION = 1.0;
				PRODUCT_BUNDLE_IDENTIFIER = com.quan.OpenWeatherMVVMCUITests;
				PRODUCT_NAME = "$(TARGET_NAME)";
				SDKROOT = auto;
				SUPPORTED_PLATFORMS = "iphoneos iphonesimulator macosx";
				SWIFT_EMIT_LOC_STRINGS = NO;
				SWIFT_VERSION = 5.0;
				TARGETED_DEVICE_FAMILY = "1,2";
				TEST_TARGET_NAME = OpenWeatherMVVMC;
			};
			name = Release;
		};
/* End XCBuildConfiguration section */

/* Begin XCConfigurationList section */
		435B4CCB2A2AFAA200922274 /* Build configuration list for PBXProject "OpenWeatherMVVMC" */ = {
			isa = XCConfigurationList;
			buildConfigurations = (
				435B4CF32A2AFAA500922274 /* Debug */,
				435B4CF42A2AFAA500922274 /* Release */,
			);
			defaultConfigurationIsVisible = 0;
			defaultConfigurationName = Release;
		};
		435B4CF52A2AFAA500922274 /* Build configuration list for PBXNativeTarget "OpenWeatherMVVMC" */ = {
			isa = XCConfigurationList;
			buildConfigurations = (
				435B4CF62A2AFAA500922274 /* Debug */,
				435B4CF72A2AFAA500922274 /* Release */,
			);
			defaultConfigurationIsVisible = 0;
			defaultConfigurationName = Release;
		};
		435B4CF82A2AFAA500922274 /* Build configuration list for PBXNativeTarget "OpenWeatherMVVMCTests" */ = {
			isa = XCConfigurationList;
			buildConfigurations = (
				435B4CF92A2AFAA500922274 /* Debug */,
				435B4CFA2A2AFAA500922274 /* Release */,
			);
			defaultConfigurationIsVisible = 0;
			defaultConfigurationName = Release;
		};
		435B4CFB2A2AFAA500922274 /* Build configuration list for PBXNativeTarget "OpenWeatherMVVMCUITests" */ = {
			isa = XCConfigurationList;
			buildConfigurations = (
				435B4CFC2A2AFAA500922274 /* Debug */,
				435B4CFD2A2AFAA500922274 /* Release */,
			);
			defaultConfigurationIsVisible = 0;
			defaultConfigurationName = Release;
		};
/* End XCConfigurationList section */

/* Begin XCRemoteSwiftPackageReference section */
		431DE6A22A2C7101005BAEF7 /* XCRemoteSwiftPackageReference "Kingfisher" */ = {
			isa = XCRemoteSwiftPackageReference;
			repositoryURL = "https://github.com/onevcat/Kingfisher.git";
			requirement = {
				kind = upToNextMajorVersion;
				minimumVersion = 7.0.0;
			};
		};
/* End XCRemoteSwiftPackageReference section */

/* Begin XCSwiftPackageProductDependency section */
		431DE6A32A2C7101005BAEF7 /* Kingfisher */ = {
			isa = XCSwiftPackageProductDependency;
			package = 431DE6A22A2C7101005BAEF7 /* XCRemoteSwiftPackageReference "Kingfisher" */;
			productName = Kingfisher;
		};
		431DE6AB2A2C7AC4005BAEF7 /* OpenWeatherBussinessLogic */ = {
			isa = XCSwiftPackageProductDependency;
			productName = OpenWeatherBussinessLogic;
		};
		431DE6AD2A2C7ACB005BAEF7 /* OpenWeatherDataAccess */ = {
			isa = XCSwiftPackageProductDependency;
			productName = OpenWeatherDataAccess;
		};
/* End XCSwiftPackageProductDependency section */
	};
	rootObject = 435B4CC82A2AFAA200922274 /* Project object */;
}
